
Microsoft Visual Studio Solution File, Format Version 12.00
# Visual Studio Version 17
VisualStudioVersion = 17.5.002.0
MinimumVisualStudioVersion = 10.0.40219.1
Project("{2150E333-8FDC-42A3-9474-1A3956D46DE8}") = "CSHARP-COPY", "CSHARP-COPY", "{9254E196-1DC4-46E6-A7DD-8F1B8B651741}"
EndProject
Project("{9A19103F-16F7-4668-BE54-9A1E7A4F7556}") = "10-high-score-board", "CSHARP-COPY\10-high-score-board\10-high-score-board.csproj", "{DB8D616C-7C07-4B6F-B1FB-603821B93DD3}"
EndProject
Project("{9A19103F-16F7-4668-BE54-9A1E7A4F7556}") = "11-ausement-park", "CSHARP-COPY\11-ausement-park\11-ausement-park.csproj", "{AE88C2B6-70F8-4697-8698-F46171FF2F66}"
EndProject
Project("{9A19103F-16F7-4668-BE54-9A1E7A4F7556}") = "12-lucky-Numbers", "CSHARP-COPY\12-lucky-Numbers\12-lucky-Numbers.csproj", "{2A00E30A-0205-430B-A018-D24C9A5EA7B9}"
EndProject
Project("{9A19103F-16F7-4668-BE54-9A1E7A4F7556}") = "13-lasagna-master", "CSHARP-COPY\13-lasagna-master\13-lasagna-master.csproj", "{5013733A-CE3A-44FA-8241-3EA3AFC88696}"
EndProject
Project("{9A19103F-16F7-4668-BE54-9A1E7A4F7556}") = "3-annalyn's-infiltration", "CSHARP-COPY\3-annalyn's-infiltration\3-annalyn's-infiltration.csproj", "{66EB9B2C-E682-40B8-92F2-F2E15C27956D}"
EndProject
Project("{9A19103F-16F7-4668-BE54-9A1E7A4F7556}") = "4-freelancer-rates", "CSHARP-COPY\4-freelancer-rates\4-freelancer-rates.csproj", "{C0294F0D-C715-409C-8453-CE02DB6C0BF3}"
EndProject
Project("{9A19103F-16F7-4668-BE54-9A1E7A4F7556}") = "5-poetry-club-door-policy", "CSHARP-COPY\5-poetry-club-door-policy\5-poetry-club-door-policy.csproj", "{4DA542FA-89FB-45A8-AF85-7007BC367EBA}"
EndProject
Project("{9A19103F-16F7-4668-BE54-9A1E7A4F7556}") = "6-elyses-enchantments", "CSHARP-COPY\6-elyses-enchantments\6-elyses-enchantments.csproj", "{5DC7E531-367A-4C5C-A6D5-E3780EE23D44}"
EndProject
Project("{9A19103F-16F7-4668-BE54-9A1E7A4F7556}") = "7-vehicle-purchase", "CSHARP-COPY\7-vehicle-purchase\7-vehicle-purchase.csproj", "{3CD0CAEE-DF73-40E1-9E72-3523B5EFBCD0}"
EndProject
Project("{9A19103F-16F7-4668-BE54-9A1E7A4F7556}") = "8-bird-watcher", "CSHARP-COPY\8-bird-watcher\8-bird-watcher.csproj", "{FE71BAE7-1318-4A3B-A390-7E2D06C7C392}"
EndProject
Project("{9A19103F-16F7-4668-BE54-9A1E7A4F7556}") = "9-mixed-juices", "CSHARP-COPY\9-mixed-juices\9-mixed-juices.csproj", "{EA8656D3-514B-4EFC-8EBE-512110E15B11}"
EndProject
Global
	GlobalSection(SolutionConfigurationPlatforms) = preSolution
		Debug|Any CPU = Debug|Any CPU
		Release|Any CPU = Release|Any CPU
	EndGlobalSection
	GlobalSection(ProjectConfigurationPlatforms) = postSolution
		{DB8D616C-7C07-4B6F-B1FB-603821B93DD3}.Debug|Any CPU.ActiveCfg = Debug|Any CPU
		{DB8D616C-7C07-4B6F-B1FB-603821B93DD3}.Debug|Any CPU.Build.0 = Debug|Any CPU
		{DB8D616C-7C07-4B6F-B1FB-603821B93DD3}.Release|Any CPU.ActiveCfg = Release|Any CPU
		{DB8D616C-7C07-4B6F-B1FB-603821B93DD3}.Release|Any CPU.Build.0 = Release|Any CPU
		{AE88C2B6-70F8-4697-8698-F46171FF2F66}.Debug|Any CPU.ActiveCfg = Debug|Any CPU
		{AE88C2B6-70F8-4697-8698-F46171FF2F66}.Debug|Any CPU.Build.0 = Debug|Any CPU
		{AE88C2B6-70F8-4697-8698-F46171FF2F66}.Release|Any CPU.ActiveCfg = Release|Any CPU
		{AE88C2B6-70F8-4697-8698-F46171FF2F66}.Release|Any CPU.Build.0 = Release|Any CPU
		{2A00E30A-0205-430B-A018-D24C9A5EA7B9}.Debug|Any CPU.ActiveCfg = Debug|Any CPU
		{2A00E30A-0205-430B-A018-D24C9A5EA7B9}.Debug|Any CPU.Build.0 = Debug|Any CPU
		{2A00E30A-0205-430B-A018-D24C9A5EA7B9}.Release|Any CPU.ActiveCfg = Release|Any CPU
		{2A00E30A-0205-430B-A018-D24C9A5EA7B9}.Release|Any CPU.Build.0 = Release|Any CPU
		{5013733A-CE3A-44FA-8241-3EA3AFC88696}.Debug|Any CPU.ActiveCfg = Debug|Any CPU
		{5013733A-CE3A-44FA-8241-3EA3AFC88696}.Debug|Any CPU.Build.0 = Debug|Any CPU
		{5013733A-CE3A-44FA-8241-3EA3AFC88696}.Release|Any CPU.ActiveCfg = Release|Any CPU
		{5013733A-CE3A-44FA-8241-3EA3AFC88696}.Release|Any CPU.Build.0 = Release|Any CPU
		{66EB9B2C-E682-40B8-92F2-F2E15C27956D}.Debug|Any CPU.ActiveCfg = Debug|Any CPU
		{66EB9B2C-E682-40B8-92F2-F2E15C27956D}.Debug|Any CPU.Build.0 = Debug|Any CPU
		{66EB9B2C-E682-40B8-92F2-F2E15C27956D}.Release|Any CPU.ActiveCfg = Release|Any CPU
		{66EB9B2C-E682-40B8-92F2-F2E15C27956D}.Release|Any CPU.Build.0 = Release|Any CPU
		{C0294F0D-C715-409C-8453-CE02DB6C0BF3}.Debug|Any CPU.ActiveCfg = Debug|Any CPU
		{C0294F0D-C715-409C-8453-CE02DB6C0BF3}.Debug|Any CPU.Build.0 = Debug|Any CPU
		{C0294F0D-C715-409C-8453-CE02DB6C0BF3}.Release|Any CPU.ActiveCfg = Release|Any CPU
		{C0294F0D-C715-409C-8453-CE02DB6C0BF3}.Release|Any CPU.Build.0 = Release|Any CPU
		{4DA542FA-89FB-45A8-AF85-7007BC367EBA}.Debug|Any CPU.ActiveCfg = Debug|Any CPU
		{4DA542FA-89FB-45A8-AF85-7007BC367EBA}.Debug|Any CPU.Build.0 = Debug|Any CPU
		{4DA542FA-89FB-45A8-AF85-7007BC367EBA}.Release|Any CPU.ActiveCfg = Release|Any CPU
		{4DA542FA-89FB-45A8-AF85-7007BC367EBA}.Release|Any CPU.Build.0 = Release|Any CPU
		{5DC7E531-367A-4C5C-A6D5-E3780EE23D44}.Debug|Any CPU.ActiveCfg = Debug|Any CPU
		{5DC7E531-367A-4C5C-A6D5-E3780EE23D44}.Debug|Any CPU.Build.0 = Debug|Any CPU
		{5DC7E531-367A-4C5C-A6D5-E3780EE23D44}.Release|Any CPU.ActiveCfg = Release|Any CPU
		{5DC7E531-367A-4C5C-A6D5-E3780EE23D44}.Release|Any CPU.Build.0 = Release|Any CPU
		{3CD0CAEE-DF73-40E1-9E72-3523B5EFBCD0}.Debug|Any CPU.ActiveCfg = Debug|Any CPU
		{3CD0CAEE-DF73-40E1-9E72-3523B5EFBCD0}.Debug|Any CPU.Build.0 = Debug|Any CPU
		{3CD0CAEE-DF73-40E1-9E72-3523B5EFBCD0}.Release|Any CPU.ActiveCfg = Release|Any CPU
		{3CD0CAEE-DF73-40E1-9E72-3523B5EFBCD0}.Release|Any CPU.Build.0 = Release|Any CPU
		{FE71BAE7-1318-4A3B-A390-7E2D06C7C392}.Debug|Any CPU.ActiveCfg = Debug|Any CPU
		{FE71BAE7-1318-4A3B-A390-7E2D06C7C392}.Debug|Any CPU.Build.0 = Debug|Any CPU
		{FE71BAE7-1318-4A3B-A390-7E2D06C7C392}.Release|Any CPU.ActiveCfg = Release|Any CPU
		{FE71BAE7-1318-4A3B-A390-7E2D06C7C392}.Release|Any CPU.Build.0 = Release|Any CPU
		{EA8656D3-514B-4EFC-8EBE-512110E15B11}.Debug|Any CPU.ActiveCfg = Debug|Any CPU
		{EA8656D3-514B-4EFC-8EBE-512110E15B11}.Debug|Any CPU.Build.0 = Debug|Any CPU
		{EA8656D3-514B-4EFC-8EBE-512110E15B11}.Release|Any CPU.ActiveCfg = Release|Any CPU
		{EA8656D3-514B-4EFC-8EBE-512110E15B11}.Release|Any CPU.Build.0 = Release|Any CPU
	EndGlobalSection
	GlobalSection(SolutionProperties) = preSolution
		HideSolutionNode = FALSE
	EndGlobalSection
	GlobalSection(NestedProjects) = preSolution
		{DB8D616C-7C07-4B6F-B1FB-603821B93DD3} = {9254E196-1DC4-46E6-A7DD-8F1B8B651741}
		{AE88C2B6-70F8-4697-8698-F46171FF2F66} = {9254E196-1DC4-46E6-A7DD-8F1B8B651741}
		{2A00E30A-0205-430B-A018-D24C9A5EA7B9} = {9254E196-1DC4-46E6-A7DD-8F1B8B651741}
		{5013733A-CE3A-44FA-8241-3EA3AFC88696} = {9254E196-1DC4-46E6-A7DD-8F1B8B651741}
		{66EB9B2C-E682-40B8-92F2-F2E15C27956D} = {9254E196-1DC4-46E6-A7DD-8F1B8B651741}
		{C0294F0D-C715-409C-8453-CE02DB6C0BF3} = {9254E196-1DC4-46E6-A7DD-8F1B8B651741}
		{4DA542FA-89FB-45A8-AF85-7007BC367EBA} = {9254E196-1DC4-46E6-A7DD-8F1B8B651741}
		{5DC7E531-367A-4C5C-A6D5-E3780EE23D44} = {9254E196-1DC4-46E6-A7DD-8F1B8B651741}
		{3CD0CAEE-DF73-40E1-9E72-3523B5EFBCD0} = {9254E196-1DC4-46E6-A7DD-8F1B8B651741}
		{FE71BAE7-1318-4A3B-A390-7E2D06C7C392} = {9254E196-1DC4-46E6-A7DD-8F1B8B651741}
		{EA8656D3-514B-4EFC-8EBE-512110E15B11} = {9254E196-1DC4-46E6-A7DD-8F1B8B651741}
	EndGlobalSection
	GlobalSection(ExtensibilityGlobals) = postSolution
		SolutionGuid = {34A2D61D-238C-4FB1-9BAD-DE0E53590BFB}
	EndGlobalSection
EndGlobal
